
Microsoft Visual Studio Solution File, Format Version 12.00
# Visual Studio 14
VisualStudioVersion = 14.0.25123.0
MinimumVisualStudioVersion = 10.0.40219.1
Project("{FAE04EC0-301F-11D3-BF4B-00C04F79EFBC}") = "50ShadesOfBurgers", "50ShadesOfBurgers\50ShadesOfBurgers.csproj", "{DF20C9C0-B8C9-48E8-B106-1C6A9F23DA28}"
EndProject
Global
	GlobalSection(SolutionConfigurationPlatforms) = preSolution
		Ad-Hoc|iPhone = Ad-Hoc|iPhone
		Ad-Hoc|iPhoneSimulator = Ad-Hoc|iPhoneSimulator
		AppStore|iPhone = AppStore|iPhone
		AppStore|iPhoneSimulator = AppStore|iPhoneSimulator
		Debug|iPhone = Debug|iPhone
		Debug|iPhoneSimulator = Debug|iPhoneSimulator
		Release|iPhone = Release|iPhone
		Release|iPhoneSimulator = Release|iPhoneSimulator
	EndGlobalSection
	GlobalSection(ProjectConfigurationPlatforms) = postSolution
		{DF20C9C0-B8C9-48E8-B106-1C6A9F23DA28}.Ad-Hoc|iPhone.ActiveCfg = Ad-Hoc|iPhone
		{DF20C9C0-B8C9-48E8-B106-1C6A9F23DA28}.Ad-Hoc|iPhone.Build.0 = Ad-Hoc|iPhone
		{DF20C9C0-B8C9-48E8-B106-1C6A9F23DA28}.Ad-Hoc|iPhoneSimulator.ActiveCfg = Ad-Hoc|iPhoneSimulator
		{DF20C9C0-B8C9-48E8-B106-1C6A9F23DA28}.Ad-Hoc|iPhoneSimulator.Build.0 = Ad-Hoc|iPhoneSimulator
		{DF20C9C0-B8C9-48E8-B106-1C6A9F23DA28}.AppStore|iPhone.ActiveCfg = AppStore|iPhone
		{DF20C9C0-B8C9-48E8-B106-1C6A9F23DA28}.AppStore|iPhone.Build.0 = AppStore|iPhone
		{DF20C9C0-B8C9-48E8-B106-1C6A9F23DA28}.AppStore|iPhoneSimulator.ActiveCfg = AppStore|iPhoneSimulator
		{DF20C9C0-B8C9-48E8-B106-1C6A9F23DA28}.AppStore|iPhoneSimulator.Build.0 = AppStore|iPhoneSimulator
		{DF20C9C0-B8C9-48E8-B106-1C6A9F23DA28}.Debug|iPhone.ActiveCfg = Debug|iPhone
		{DF20C9C0-B8C9-48E8-B106-1C6A9F23DA28}.Debug|iPhone.Build.0 = Debug|iPhone
		{DF20C9C0-B8C9-48E8-B106-1C6A9F23DA28}.Debug|iPhoneSimulator.ActiveCfg = Debug|iPhoneSimulator
		{DF20C9C0-B8C9-48E8-B106-1C6A9F23DA28}.Debug|iPhoneSimulator.Build.0 = Debug|iPhoneSimulator
		{DF20C9C0-B8C9-48E8-B106-1C6A9F23DA28}.Release|iPhone.ActiveCfg = Release|iPhone
		{DF20C9C0-B8C9-48E8-B106-1C6A9F23DA28}.Release|iPhone.Build.0 = Release|iPhone
		{DF20C9C0-B8C9-48E8-B106-1C6A9F23DA28}.Release|iPhoneSimulator.ActiveCfg = Release|iPhoneSimulator
		{DF20C9C0-B8C9-48E8-B106-1C6A9F23DA28}.Release|iPhoneSimulator.Build.0 = Release|iPhoneSimulator
	EndGlobalSection
	GlobalSection(SolutionProperties) = preSolution
		HideSolutionNode = FALSE
	EndGlobalSection
EndGlobal
